# THIS IS AN AUTOGENERATED FILE. DO NOT EDIT THIS FILE DIRECTLY.
# yarn lockfile v1


"@hesto2/config@^0.0.28":
  version "0.0.28"
  resolved "https://registry.yarnpkg.com/@hesto2/config/-/config-0.0.28.tgz#19af7b66c38a80873c265cc40ef4cefb82731fed"
  integrity sha512-H2GpB9k2IAWcqkOUel+gBi7B+C8QhQlQMBksz0IhMoNkFsiKriBQMhmnW5q4v+YpWuxrH3+coC8jwOPN4u7S5g==
