# THIS IS AN AUTOGENERATED FILE. DO NOT EDIT THIS FILE DIRECTLY.
# yarn lockfile v1


"@hesto2/config@^0.0.15":
  version "0.0.15"
  resolved "https://registry.yarnpkg.com/@hesto2/config/-/config-0.0.15.tgz#6a0be449375930ce96c12382a10355e51e2b9c35"
  integrity sha512-55Q2cCBMeSeoFhfcta2kdrnB3FidkJ8errsBj4aSbkcly4KaY95Yk0ZFQXUaELj/EuwqrnI46K6pOtDgdnyv6g==
